// !$*UTF8*$!
{
	archiveVersion = 1;
	classes = {
	};
	objectVersion = 77;
	objects = {

/* Begin PBXBuildFile section */
		BD182C322D0723E00084CE05 /* GoogleService-Info.plist in Resources */ = {isa = PBXBuildFile; fileRef = BD182C312D0723E00084CE05 /* GoogleService-Info.plist */; };
		BD182C352D0725340084CE05 /* FirebaseAuth in Frameworks */ = {isa = PBXBuildFile; productRef = BD182C342D0725340084CE05 /* FirebaseAuth */; };
		BD182C372D0725340084CE05 /* FirebaseFirestore in Frameworks */ = {isa = PBXBuildFile; productRef = BD182C362D0725340084CE05 /* FirebaseFirestore */; };
		BD43B6BE2D0734F00000EC29 /* Constants.swift in Sources */ = {isa = PBXBuildFile; fileRef = BD43B6BD2D0734F00000EC29 /* Constants.swift */; };
		BD43B6C02D0737110000EC29 /* Message.swift in Sources */ = {isa = PBXBuildFile; fileRef = BD43B6BF2D0737110000EC29 /* Message.swift */; };
		BD43B6C32D073B520000EC29 /* MessageCell.xib in Resources */ = {isa = PBXBuildFile; fileRef = BD43B6C22D073B520000EC29 /* MessageCell.xib */; };
		BD43B6C42D073B520000EC29 /* MessageCell.swift in Sources */ = {isa = PBXBuildFile; fileRef = BD43B6C12D073B520000EC29 /* MessageCell.swift */; };
		BD43B6C72D0786740000EC29 /* IQKeyboardManagerSwift in Frameworks */ = {isa = PBXBuildFile; productRef = BD43B6C62D0786740000EC29 /* IQKeyboardManagerSwift */; };
		BDDB9BD52D0203600039A913 /* AppDelegate.swift in Sources */ = {isa = PBXBuildFile; fileRef = BDDB9BCB2D0203600039A913 /* AppDelegate.swift */; };
		BDDB9BD62D0203600039A913 /* SceneDelegate.swift in Sources */ = {isa = PBXBuildFile; fileRef = BDDB9BD22D0203600039A913 /* SceneDelegate.swift */; };
		BDDB9BD82D0203600039A913 /* Assets.xcassets in Resources */ = {isa = PBXBuildFile; fileRef = BDDB9BCC2D0203600039A913 /* Assets.xcassets */; };
		BDDB9BDA2D0203600039A913 /* LaunchScreen.storyboard in Resources */ = {isa = PBXBuildFile; fileRef = BDDB9BCF2D0203600039A913 /* LaunchScreen.storyboard */; };
		BDDB9BDB2D0203600039A913 /* Main.storyboard in Resources */ = {isa = PBXBuildFile; fileRef = BDDB9BD12D0203600039A913 /* Main.storyboard */; };
		BDDF8EE82D0207E100C578B2 /* WelcomeViewController.swift in Sources */ = {isa = PBXBuildFile; fileRef = BDDF8EE72D0207E100C578B2 /* WelcomeViewController.swift */; };
		BDDF8EEA2D0207FD00C578B2 /* RegisterViewController.swift in Sources */ = {isa = PBXBuildFile; fileRef = BDDF8EE92D0207FD00C578B2 /* RegisterViewController.swift */; };
		BDDF8EEC2D02081000C578B2 /* LoginViewController.swift in Sources */ = {isa = PBXBuildFile; fileRef = BDDF8EEB2D02081000C578B2 /* LoginViewController.swift */; };
		BDDF8EEE2D02082500C578B2 /* ChatViewController.swift in Sources */ = {isa = PBXBuildFile; fileRef = BDDF8EED2D02082500C578B2 /* ChatViewController.swift */; };
/* End PBXBuildFile section */

/* Begin PBXFileReference section */
		BD182C312D0723E00084CE05 /* GoogleService-Info.plist */ = {isa = PBXFileReference; lastKnownFileType = text.plist.xml; path = "GoogleService-Info.plist"; sourceTree = "<group>"; };
		BD43B6BD2D0734F00000EC29 /* Constants.swift */ = {isa = PBXFileReference; lastKnownFileType = sourcecode.swift; path = Constants.swift; sourceTree = "<group>"; };
		BD43B6BF2D0737110000EC29 /* Message.swift */ = {isa = PBXFileReference; lastKnownFileType = sourcecode.swift; path = Message.swift; sourceTree = "<group>"; };
		BD43B6C12D073B520000EC29 /* MessageCell.swift */ = {isa = PBXFileReference; lastKnownFileType = sourcecode.swift; path = MessageCell.swift; sourceTree = "<group>"; };
		BD43B6C22D073B520000EC29 /* MessageCell.xib */ = {isa = PBXFileReference; lastKnownFileType = file.xib; path = MessageCell.xib; sourceTree = "<group>"; };
		BDDB9BB32D02033D0039A913 /* FlashChat-iOS18.1.app */ = {isa = PBXFileReference; explicitFileType = wrapper.application; includeInIndex = 0; path = "FlashChat-iOS18.1.app"; sourceTree = BUILT_PRODUCTS_DIR; };
		BDDB9BCB2D0203600039A913 /* AppDelegate.swift */ = {isa = PBXFileReference; lastKnownFileType = sourcecode.swift; path = AppDelegate.swift; sourceTree = "<group>"; };
		BDDB9BCC2D0203600039A913 /* Assets.xcassets */ = {isa = PBXFileReference; lastKnownFileType = folder.assetcatalog; path = Assets.xcassets; sourceTree = "<group>"; };
		BDDB9BCD2D0203600039A913 /* Info.plist */ = {isa = PBXFileReference; lastKnownFileType = text.plist.xml; path = Info.plist; sourceTree = "<group>"; };
		BDDB9BCE2D0203600039A913 /* Base */ = {isa = PBXFileReference; lastKnownFileType = file.storyboard; name = Base; path = Base.lproj/LaunchScreen.storyboard; sourceTree = "<group>"; };
		BDDB9BD02D0203600039A913 /* Base */ = {isa = PBXFileReference; lastKnownFileType = file.storyboard; name = Base; path = Base.lproj/Main.storyboard; sourceTree = "<group>"; };
		BDDB9BD22D0203600039A913 /* SceneDelegate.swift */ = {isa = PBXFileReference; lastKnownFileType = sourcecode.swift; path = SceneDelegate.swift; sourceTree = "<group>"; };
		BDDF8EE72D0207E100C578B2 /* WelcomeViewController.swift */ = {isa = PBXFileReference; lastKnownFileType = sourcecode.swift; path = WelcomeViewController.swift; sourceTree = "<group>"; };
		BDDF8EE92D0207FD00C578B2 /* RegisterViewController.swift */ = {isa = PBXFileReference; lastKnownFileType = sourcecode.swift; path = RegisterViewController.swift; sourceTree = "<group>"; };
		BDDF8EEB2D02081000C578B2 /* LoginViewController.swift */ = {isa = PBXFileReference; lastKnownFileType = sourcecode.swift; path = LoginViewController.swift; sourceTree = "<group>"; };
		BDDF8EED2D02082500C578B2 /* ChatViewController.swift */ = {isa = PBXFileReference; lastKnownFileType = sourcecode.swift; path = ChatViewController.swift; sourceTree = "<group>"; };
/* End PBXFileReference section */

/* Begin PBXFrameworksBuildPhase section */
		BDDB9BB02D02033D0039A913 /* Frameworks */ = {
			isa = PBXFrameworksBuildPhase;
			buildActionMask = 2147483647;
			files = (
				BD182C352D0725340084CE05 /* FirebaseAuth in Frameworks */,
				BD182C372D0725340084CE05 /* FirebaseFirestore in Frameworks */,
				BD43B6C72D0786740000EC29 /* IQKeyboardManagerSwift in Frameworks */,
			);
			runOnlyForDeploymentPostprocessing = 0;
		};
/* End PBXFrameworksBuildPhase section */

/* Begin PBXGroup section */
		BD6F4C402D0206BA008C7952 /* Controllers */ = {
			isa = PBXGroup;
			children = (
				BDDF8EE72D0207E100C578B2 /* WelcomeViewController.swift */,
				BDDF8EE92D0207FD00C578B2 /* RegisterViewController.swift */,
				BDDF8EEB2D02081000C578B2 /* LoginViewController.swift */,
				BDDF8EED2D02082500C578B2 /* ChatViewController.swift */,
			);
			path = Controllers;
			sourceTree = "<group>";
		};
		BD6F4C412D0206BF008C7952 /* Views */ = {
			isa = PBXGroup;
			children = (
				BDDB9BD12D0203600039A913 /* Main.storyboard */,
				BD43B6C12D073B520000EC29 /* MessageCell.swift */,
				BD43B6C22D073B520000EC29 /* MessageCell.xib */,
			);
			path = Views;
			sourceTree = "<group>";
		};
		BD6F4C422D0206D6008C7952 /* Models */ = {
			isa = PBXGroup;
			children = (
				BD43B6BF2D0737110000EC29 /* Message.swift */,
			);
			path = Models;
			sourceTree = "<group>";
		};
		BDDB9BAA2D02033D0039A913 = {
			isa = PBXGroup;
			children = (
				BDDB9BD42D0203600039A913 /* FlashChat-iOS18.1 */,
				BDDB9BB42D02033D0039A913 /* Products */,
			);
			sourceTree = "<group>";
		};
		BDDB9BB42D02033D0039A913 /* Products */ = {
			isa = PBXGroup;
			children = (
				BDDB9BB32D02033D0039A913 /* FlashChat-iOS18.1.app */,
			);
			name = Products;
			sourceTree = "<group>";
		};
		BDDB9BD42D0203600039A913 /* FlashChat-iOS18.1 */ = {
			isa = PBXGroup;
			children = (
				BDDB9BCB2D0203600039A913 /* AppDelegate.swift */,
				BDDB9BD22D0203600039A913 /* SceneDelegate.swift */,
				BD6F4C422D0206D6008C7952 /* Models */,
				BD6F4C412D0206BF008C7952 /* Views */,
				BD6F4C402D0206BA008C7952 /* Controllers */,
				BDDB9BCC2D0203600039A913 /* Assets.xcassets */,
				BDDB9BCF2D0203600039A913 /* LaunchScreen.storyboard */,
				BDDB9BCD2D0203600039A913 /* Info.plist */,
				BD182C312D0723E00084CE05 /* GoogleService-Info.plist */,
				BD43B6BD2D0734F00000EC29 /* Constants.swift */,
			);
			path = "FlashChat-iOS18.1";
			sourceTree = "<group>";
		};
/* End PBXGroup section */

/* Begin PBXNativeTarget section */
		BDDB9BB22D02033D0039A913 /* FlashChat-iOS18.1 */ = {
			isa = PBXNativeTarget;
			buildConfigurationList = BDDB9BC62D02033E0039A913 /* Build configuration list for PBXNativeTarget "FlashChat-iOS18.1" */;
			buildPhases = (
				BDDB9BAF2D02033D0039A913 /* Sources */,
				BDDB9BB02D02033D0039A913 /* Frameworks */,
				BDDB9BB12D02033D0039A913 /* Resources */,
			);
			buildRules = (
			);
			dependencies = (
			);
			name = "FlashChat-iOS18.1";
			packageProductDependencies = (
				BD182C342D0725340084CE05 /* FirebaseAuth */,
				BD182C362D0725340084CE05 /* FirebaseFirestore */,
				BD43B6C62D0786740000EC29 /* IQKeyboardManagerSwift */,
			);
			productName = "FlashChat-iOS18.1";
			productReference = BDDB9BB32D02033D0039A913 /* FlashChat-iOS18.1.app */;
			productType = "com.apple.product-type.application";
		};
/* End PBXNativeTarget section */

/* Begin PBXProject section */
		BDDB9BAB2D02033D0039A913 /* Project object */ = {
			isa = PBXProject;
			attributes = {
				BuildIndependentTargetsInParallel = 1;
				LastSwiftUpdateCheck = 1610;
				LastUpgradeCheck = 1610;
				TargetAttributes = {
					BDDB9BB22D02033D0039A913 = {
						CreatedOnToolsVersion = 16.1;
					};
				};
			};
			buildConfigurationList = BDDB9BAE2D02033D0039A913 /* Build configuration list for PBXProject "FlashChat-iOS18.1" */;
			developmentRegion = en;
			hasScannedForEncodings = 0;
			knownRegions = (
				en,
				Base,
			);
			mainGroup = BDDB9BAA2D02033D0039A913;
			minimizedProjectReferenceProxies = 1;
			packageReferences = (
				BD182C332D0725340084CE05 /* XCRemoteSwiftPackageReference "firebase-ios-sdk" */,
				BD43B6C52D0786740000EC29 /* XCRemoteSwiftPackageReference "IQKeyboardManager" */,
			);
			preferredProjectObjectVersion = 77;
			productRefGroup = BDDB9BB42D02033D0039A913 /* Products */;
			projectDirPath = "";
			projectRoot = "";
			targets = (
				BDDB9BB22D02033D0039A913 /* FlashChat-iOS18.1 */,
			);
		};
/* End PBXProject section */

/* Begin PBXResourcesBuildPhase section */
		BDDB9BB12D02033D0039A913 /* Resources */ = {
			isa = PBXResourcesBuildPhase;
			buildActionMask = 2147483647;
			files = (
				BD43B6C32D073B520000EC29 /* MessageCell.xib in Resources */,
				BDDB9BD82D0203600039A913 /* Assets.xcassets in Resources */,
				BD182C322D0723E00084CE05 /* GoogleService-Info.plist in Resources */,
				BDDB9BDA2D0203600039A913 /* LaunchScreen.storyboard in Resources */,
				BDDB9BDB2D0203600039A913 /* Main.storyboard in Resources */,
			);
			runOnlyForDeploymentPostprocessing = 0;
		};
/* End PBXResourcesBuildPhase section */

/* Begin PBXSourcesBuildPhase section */
		BDDB9BAF2D02033D0039A913 /* Sources */ = {
			isa = PBXSourcesBuildPhase;
			buildActionMask = 2147483647;
			files = (
				BDDF8EE82D0207E100C578B2 /* WelcomeViewController.swift in Sources */,
				BDDB9BD52D0203600039A913 /* AppDelegate.swift in Sources */,
				BDDB9BD62D0203600039A913 /* SceneDelegate.swift in Sources */,
				BDDF8EEC2D02081000C578B2 /* LoginViewController.swift in Sources */,
				BD43B6BE2D0734F00000EC29 /* Constants.swift in Sources */,
				BD43B6C02D0737110000EC29 /* Message.swift in Sources */,
				BDDF8EEE2D02082500C578B2 /* ChatViewController.swift in Sources */,
				BDDF8EEA2D0207FD00C578B2 /* RegisterViewController.swift in Sources */,
				BD43B6C42D073B520000EC29 /* MessageCell.swift in Sources */,
			);
			runOnlyForDeploymentPostprocessing = 0;
		};
/* End PBXSourcesBuildPhase section */

/* Begin PBXVariantGroup section */
		BDDB9BCF2D0203600039A913 /* LaunchScreen.storyboard */ = {
			isa = PBXVariantGroup;
			children = (
				BDDB9BCE2D0203600039A913 /* Base */,
			);
			name = LaunchScreen.storyboard;
			sourceTree = "<group>";
		};
		BDDB9BD12D0203600039A913 /* Main.storyboard */ = {
			isa = PBXVariantGroup;
			children = (
				BDDB9BD02D0203600039A913 /* Base */,
			);
			name = Main.storyboard;
			sourceTree = "<group>";
		};
/* End PBXVariantGroup section */

/* Begin XCBuildConfiguration section */
		BDDB9BC72D02033E0039A913 /* Debug */ = {
			isa = XCBuildConfiguration;
			buildSettings = {
				ASSETCATALOG_COMPILER_APPICON_NAME = AppIcon;
				ASSETCATALOG_COMPILER_GLOBAL_ACCENT_COLOR_NAME = AccentColor;
				CODE_SIGN_STYLE = Automatic;
				CURRENT_PROJECT_VERSION = 1;
				GENERATE_INFOPLIST_FILE = YES;
				INFOPLIST_FILE = "FlashChat-iOS18.1/Info.plist";
				INFOPLIST_KEY_UIApplicationSupportsIndirectInputEvents = YES;
				INFOPLIST_KEY_UILaunchStoryboardName = LaunchScreen;
				INFOPLIST_KEY_UIMainStoryboardFile = Main;
				INFOPLIST_KEY_UISupportedInterfaceOrientations = UIInterfaceOrientationPortrait;
				LD_RUNPATH_SEARCH_PATHS = (
					"$(inherited)",
					"@executable_path/Frameworks",
				);
				MARKETING_VERSION = 1.0;
				PRODUCT_BUNDLE_IDENTIFIER = "me.emirb.FlashChat-iOS18-1";
				PRODUCT_NAME = "$(TARGET_NAME)";
				SUPPORTED_PLATFORMS = "iphoneos iphonesimulator";
				SUPPORTS_MACCATALYST = NO;
				SWIFT_EMIT_LOC_STRINGS = YES;
				SWIFT_VERSION = 5.0;
				TARGETED_DEVICE_FAMILY = 1;
			};
			name = Debug;
		};
		BDDB9BC82D02033E0039A913 /* Release */ = {
			isa = XCBuildConfiguration;
			buildSettings = {
				ASSETCATALOG_COMPILER_APPICON_NAME = AppIcon;
				ASSETCATALOG_COMPILER_GLOBAL_ACCENT_COLOR_NAME = AccentColor;
				CODE_SIGN_STYLE = Automatic;
				CURRENT_PROJECT_VERSION = 1;
				GENERATE_INFOPLIST_FILE = YES;
				INFOPLIST_FILE = "FlashChat-iOS18.1/Info.plist";
				INFOPLIST_KEY_UIApplicationSupportsIndirectInputEvents = YES;
				INFOPLIST_KEY_UILaunchStoryboardName = LaunchScreen;
				INFOPLIST_KEY_UIMainStoryboardFile = Main;
				INFOPLIST_KEY_UISupportedInterfaceOrientations = UIInterfaceOrientationPortrait;
				LD_RUNPATH_SEARCH_PATHS = (
					"$(inherited)",
					"@executable_path/Frameworks",
				);
				MARKETING_VERSION = 1.0;
				PRODUCT_BUNDLE_IDENTIFIER = "me.emirb.FlashChat-iOS18-1";
				PRODUCT_NAME = "$(TARGET_NAME)";
				SUPPORTED_PLATFORMS = "iphoneos iphonesimulator";
				SUPPORTS_MACCATALYST = NO;
				SWIFT_EMIT_LOC_STRINGS = YES;
				SWIFT_VERSION = 5.0;
				TARGETED_DEVICE_FAMILY = 1;
			};
			name = Release;
		};
		BDDB9BC92D02033E0039A913 /* Debug */ = {
			isa = XCBuildConfiguration;
			buildSettings = {
				ALWAYS_SEARCH_USER_PATHS = NO;
				ASSETCATALOG_COMPILER_GENERATE_SWIFT_ASSET_SYMBOL_EXTENSIONS = YES;
				CLANG_ANALYZER_NONNULL = YES;
				CLANG_ANALYZER_NUMBER_OBJECT_CONVERSION = YES_AGGRESSIVE;
				CLANG_CXX_LANGUAGE_STANDARD = "gnu++20";
				CLANG_ENABLE_MODULES = YES;
				CLANG_ENABLE_OBJC_ARC = YES;
				CLANG_ENABLE_OBJC_WEAK = YES;
				CLANG_WARN_BLOCK_CAPTURE_AUTORELEASING = YES;
				CLANG_WARN_BOOL_CONVERSION = YES;
				CLANG_WARN_COMMA = YES;
				CLANG_WARN_CONSTANT_CONVERSION = YES;
				CLANG_WARN_DEPRECATED_OBJC_IMPLEMENTATIONS = YES;
				CLANG_WARN_DIRECT_OBJC_ISA_USAGE = YES_ERROR;
				CLANG_WARN_DOCUMENTATION_COMMENTS = YES;
				CLANG_WARN_EMPTY_BODY = YES;
				CLANG_WARN_ENUM_CONVERSION = YES;
				CLANG_WARN_INFINITE_RECURSION = YES;
				CLANG_WARN_INT_CONVERSION = YES;
				CLANG_WARN_NON_LITERAL_NULL_CONVERSION = YES;
				CLANG_WARN_OBJC_IMPLICIT_RETAIN_SELF = YES;
				CLANG_WARN_OBJC_LITERAL_CONVERSION = YES;
				CLANG_WARN_OBJC_ROOT_CLASS = YES_ERROR;
				CLANG_WARN_QUOTED_INCLUDE_IN_FRAMEWORK_HEADER = YES;
				CLANG_WARN_RANGE_LOOP_ANALYSIS = YES;
				CLANG_WARN_STRICT_PROTOTYPES = YES;
				CLANG_WARN_SUSPICIOUS_MOVE = YES;
				CLANG_WARN_UNGUARDED_AVAILABILITY = YES_AGGRESSIVE;
				CLANG_WARN_UNREACHABLE_CODE = YES;
				CLANG_WARN__DUPLICATE_METHOD_MATCH = YES;
				COPY_PHASE_STRIP = NO;
				DEBUG_INFORMATION_FORMAT = dwarf;
				ENABLE_STRICT_OBJC_MSGSEND = YES;
				ENABLE_TESTABILITY = YES;
				ENABLE_USER_SCRIPT_SANDBOXING = YES;
				GCC_C_LANGUAGE_STANDARD = gnu17;
				GCC_DYNAMIC_NO_PIC = NO;
				GCC_NO_COMMON_BLOCKS = YES;
				GCC_OPTIMIZATION_LEVEL = 0;
				GCC_PREPROCESSOR_DEFINITIONS = (
					"DEBUG=1",
					"$(inherited)",
				);
				GCC_WARN_64_TO_32_BIT_CONVERSION = YES;
				GCC_WARN_ABOUT_RETURN_TYPE = YES_ERROR;
				GCC_WARN_UNDECLARED_SELECTOR = YES;
				GCC_WARN_UNINITIALIZED_AUTOS = YES_AGGRESSIVE;
				GCC_WARN_UNUSED_FUNCTION = YES;
				GCC_WARN_UNUSED_VARIABLE = YES;
				IPHONEOS_DEPLOYMENT_TARGET = 18.1;
				LOCALIZATION_PREFERS_STRING_CATALOGS = YES;
				MTL_ENABLE_DEBUG_INFO = INCLUDE_SOURCE;
				MTL_FAST_MATH = YES;
				ONLY_ACTIVE_ARCH = YES;
				SDKROOT = iphoneos;
				SWIFT_ACTIVE_COMPILATION_CONDITIONS = "DEBUG $(inherited)";
				SWIFT_OPTIMIZATION_LEVEL = "-Onone";
			};
			name = Debug;
		};
		BDDB9BCA2D02033E0039A913 /* Release */ = {
			isa = XCBuildConfiguration;
			buildSettings = {
				ALWAYS_SEARCH_USER_PATHS = NO;
				ASSETCATALOG_COMPILER_GENERATE_SWIFT_ASSET_SYMBOL_EXTENSIONS = YES;
				CLANG_ANALYZER_NONNULL = YES;
				CLANG_ANALYZER_NUMBER_OBJECT_CONVERSION = YES_AGGRESSIVE;
				CLANG_CXX_LANGUAGE_STANDARD = "gnu++20";
				CLANG_ENABLE_MODULES = YES;
				CLANG_ENABLE_OBJC_ARC = YES;
				CLANG_ENABLE_OBJC_WEAK = YES;
				CLANG_WARN_BLOCK_CAPTURE_AUTORELEASING = YES;
				CLANG_WARN_BOOL_CONVERSION = YES;
				CLANG_WARN_COMMA = YES;
				CLANG_WARN_CONSTANT_CONVERSION = YES;
				CLANG_WARN_DEPRECATED_OBJC_IMPLEMENTATIONS = YES;
				CLANG_WARN_DIRECT_OBJC_ISA_USAGE = YES_ERROR;
				CLANG_WARN_DOCUMENTATION_COMMENTS = YES;
				CLANG_WARN_EMPTY_BODY = YES;
				CLANG_WARN_ENUM_CONVERSION = YES;
				CLANG_WARN_INFINITE_RECURSION = YES;
				CLANG_WARN_INT_CONVERSION = YES;
				CLANG_WARN_NON_LITERAL_NULL_CONVERSION = YES;
				CLANG_WARN_OBJC_IMPLICIT_RETAIN_SELF = YES;
				CLANG_WARN_OBJC_LITERAL_CONVERSION = YES;
				CLANG_WARN_OBJC_ROOT_CLASS = YES_ERROR;
				CLANG_WARN_QUOTED_INCLUDE_IN_FRAMEWORK_HEADER = YES;
				CLANG_WARN_RANGE_LOOP_ANALYSIS = YES;
				CLANG_WARN_STRICT_PROTOTYPES = YES;
				CLANG_WARN_SUSPICIOUS_MOVE = YES;
				CLANG_WARN_UNGUARDED_AVAILABILITY = YES_AGGRESSIVE;
				CLANG_WARN_UNREACHABLE_CODE = YES;
				CLANG_WARN__DUPLICATE_METHOD_MATCH = YES;
				COPY_PHASE_STRIP = NO;
				DEBUG_INFORMATION_FORMAT = "dwarf-with-dsym";
				ENABLE_NS_ASSERTIONS = NO;
				ENABLE_STRICT_OBJC_MSGSEND = YES;
				ENABLE_USER_SCRIPT_SANDBOXING = YES;
				GCC_C_LANGUAGE_STANDARD = gnu17;
				GCC_NO_COMMON_BLOCKS = YES;
				GCC_WARN_64_TO_32_BIT_CONVERSION = YES;
				GCC_WARN_ABOUT_RETURN_TYPE = YES_ERROR;
				GCC_WARN_UNDECLARED_SELECTOR = YES;
				GCC_WARN_UNINITIALIZED_AUTOS = YES_AGGRESSIVE;
				GCC_WARN_UNUSED_FUNCTION = YES;
				GCC_WARN_UNUSED_VARIABLE = YES;
				IPHONEOS_DEPLOYMENT_TARGET = 18.1;
				LOCALIZATION_PREFERS_STRING_CATALOGS = YES;
				MTL_ENABLE_DEBUG_INFO = NO;
				MTL_FAST_MATH = YES;
				SDKROOT = iphoneos;
				SWIFT_COMPILATION_MODE = wholemodule;
				VALIDATE_PRODUCT = YES;
			};
			name = Release;
		};
/* End XCBuildConfiguration section */

/* Begin XCConfigurationList section */
		BDDB9BAE2D02033D0039A913 /* Build configuration list for PBXProject "FlashChat-iOS18.1" */ = {
			isa = XCConfigurationList;
			buildConfigurations = (
				BDDB9BC92D02033E0039A913 /* Debug */,
				BDDB9BCA2D02033E0039A913 /* Release */,
			);
			defaultConfigurationIsVisible = 0;
			defaultConfigurationName = Release;
		};
		BDDB9BC62D02033E0039A913 /* Build configuration list for PBXNativeTarget "FlashChat-iOS18.1" */ = {
			isa = XCConfigurationList;
			buildConfigurations = (
				BDDB9BC72D02033E0039A913 /* Debug */,
				BDDB9BC82D02033E0039A913 /* Release */,
			);
			defaultConfigurationIsVisible = 0;
			defaultConfigurationName = Release;
		};
/* End XCConfigurationList section */

/* Begin XCRemoteSwiftPackageReference section */
		BD182C332D0725340084CE05 /* XCRemoteSwiftPackageReference "firebase-ios-sdk" */ = {
			isa = XCRemoteSwiftPackageReference;
			repositoryURL = "https://github.com/firebase/firebase-ios-sdk";
			requirement = {
				kind = upToNextMajorVersion;
				minimumVersion = 11.6.0;
			};
		};
		BD43B6C52D0786740000EC29 /* XCRemoteSwiftPackageReference "IQKeyboardManager" */ = {
			isa = XCRemoteSwiftPackageReference;
			repositoryURL = "https://github.com/hackiftekhar/IQKeyboardManager";
			requirement = {
				kind = upToNextMajorVersion;
				minimumVersion = 8.0.0;
			};
		};
/* End XCRemoteSwiftPackageReference section */

/* Begin XCSwiftPackageProductDependency section */
		BD182C342D0725340084CE05 /* FirebaseAuth */ = {
			isa = XCSwiftPackageProductDependency;
			package = BD182C332D0725340084CE05 /* XCRemoteSwiftPackageReference "firebase-ios-sdk" */;
			productName = FirebaseAuth;
		};
		BD182C362D0725340084CE05 /* FirebaseFirestore */ = {
			isa = XCSwiftPackageProductDependency;
			package = BD182C332D0725340084CE05 /* XCRemoteSwiftPackageReference "firebase-ios-sdk" */;
			productName = FirebaseFirestore;
		};
		BD43B6C62D0786740000EC29 /* IQKeyboardManagerSwift */ = {
			isa = XCSwiftPackageProductDependency;
			package = BD43B6C52D0786740000EC29 /* XCRemoteSwiftPackageReference "IQKeyboardManager" */;
			productName = IQKeyboardManagerSwift;
		};
/* End XCSwiftPackageProductDependency section */
	};
	rootObject = BDDB9BAB2D02033D0039A913 /* Project object */;
}
